
Microsoft Visual Studio Solution File, Format Version 12.00
# Visual Studio Version 17
VisualStudioVersion = 17.0.31912.275
MinimumVisualStudioVersion = 10.0.40219.1
Project("{2150E333-8FDC-42A3-9474-1A3956D46DE8}") = "Calculator", "Calculator", "{329E6708-090C-450C-AD9B-B5E96687391A}"
EndProject
Project("{2150E333-8FDC-42A3-9474-1A3956D46DE8}") = "Notepad", "Notepad", "{5AC8A98A-6B0E-4228-8EAA-882B51F77909}"
EndProject
Project("{FAE04EC0-301F-11D3-BF4B-00C04F79EFBC}") = "Notepad", "Notepad\Notepad.csproj", "{1F3415F5-C18D-48D9-8E38-C206DBDCBA18}"
EndProject
Project("{FAE04EC0-301F-11D3-BF4B-00C04F79EFBC}") = "Calculator", "Calculator\Calculator.csproj", "{E9F73D6B-2AA8-4982-9E5F-52DC6BEAAF1D}"
EndProject
Global
	GlobalSection(SolutionConfigurationPlatforms) = preSolution
		Debug|Any CPU = Debug|Any CPU
		Release|Any CPU = Release|Any CPU
	EndGlobalSection
	GlobalSection(ProjectConfigurationPlatforms) = postSolution
		{1F3415F5-C18D-48D9-8E38-C206DBDCBA18}.Debug|Any CPU.ActiveCfg = Debug|Any CPU
		{1F3415F5-C18D-48D9-8E38-C206DBDCBA18}.Debug|Any CPU.Build.0 = Debug|Any CPU
		{1F3415F5-C18D-48D9-8E38-C206DBDCBA18}.Release|Any CPU.ActiveCfg = Release|Any CPU
		{1F3415F5-C18D-48D9-8E38-C206DBDCBA18}.Release|Any CPU.Build.0 = Release|Any CPU
		{E9F73D6B-2AA8-4982-9E5F-52DC6BEAAF1D}.Debug|Any CPU.ActiveCfg = Debug|Any CPU
		{E9F73D6B-2AA8-4982-9E5F-52DC6BEAAF1D}.Debug|Any CPU.Build.0 = Debug|Any CPU
		{E9F73D6B-2AA8-4982-9E5F-52DC6BEAAF1D}.Release|Any CPU.ActiveCfg = Release|Any CPU
		{E9F73D6B-2AA8-4982-9E5F-52DC6BEAAF1D}.Release|Any CPU.Build.0 = Release|Any CPU
	EndGlobalSection
	GlobalSection(SolutionProperties) = preSolution
		HideSolutionNode = FALSE
	EndGlobalSection
	GlobalSection(NestedProjects) = preSolution
		{1F3415F5-C18D-48D9-8E38-C206DBDCBA18} = {5AC8A98A-6B0E-4228-8EAA-882B51F77909}
		{E9F73D6B-2AA8-4982-9E5F-52DC6BEAAF1D} = {329E6708-090C-450C-AD9B-B5E96687391A}
	EndGlobalSection
	GlobalSection(ExtensibilityGlobals) = postSolution
		SolutionGuid = {B7EA0D5B-E679-4CF1-A9EF-582FD288D585}
	EndGlobalSection
EndGlobal
