
Microsoft Visual Studio Solution File, Format Version 12.00
# Visual Studio Version 17
VisualStudioVersion = 17.0.31912.275
MinimumVisualStudioVersion = 10.0.40219.1
Project("{2150E333-8FDC-42A3-9474-1A3956D46DE8}") = "Calculator", "Calculator", "{329E6708-090C-450C-AD9B-B5E96687391A}"
EndProject
Project("{2150E333-8FDC-42A3-9474-1A3956D46DE8}") = "Notepad", "Notepad", "{5AC8A98A-6B0E-4228-8EAA-882B51F77909}"
EndProject
Project("{FAE04EC0-301F-11D3-BF4B-00C04F79EFBC}") = "Notepad", "Notepad\Notepad.csproj", "{1F3415F5-C18D-48D9-8E38-C206DBDCBA18}"
EndProject
Project("{FAE04EC0-301F-11D3-BF4B-00C04F79EFBC}") = "Calculator", "Calculator\Calculator.csproj", "{E9F73D6B-2AA8-4982-9E5F-52DC6BEAAF1D}"
EndProject
Project("{2150E333-8FDC-42A3-9474-1A3956D46DE8}") = "MathQuiz", "MathQuiz", "{126E6E42-1AF1-4826-B94C-BB0BB7FFAF0E}"
EndProject
Project("{FAE04EC0-301F-11D3-BF4B-00C04F79EFBC}") = "MathQuiz", "MathQuiz\MathQuiz.csproj", "{D18D91B6-7BD7-460A-87A6-AA8C526C8CFD}"
EndProject
Project("{2150E333-8FDC-42A3-9474-1A3956D46DE8}") = "MachingGame", "MachingGame", "{EA7CE6EE-F67A-4C03-A5E1-41B04DF74F85}"
EndProject
Project("{FAE04EC0-301F-11D3-BF4B-00C04F79EFBC}") = "MachingGame", "MachingGame\MachingGame.csproj", "{B1CF5DE6-9BE7-470C-A33E-0653B9B0AE17}"
EndProject
Project("{2150E333-8FDC-42A3-9474-1A3956D46DE8}") = "Picture Viewer", "Picture Viewer", "{11D51AD1-2C86-48C2-BC0A-6848C4B3F9BD}"
EndProject
Project("{FAE04EC0-301F-11D3-BF4B-00C04F79EFBC}") = "Picture_Viewer", "Picture_Viewer\Picture_Viewer.csproj", "{9F97C0B1-827C-43D6-ACE5-6EABCDAE4AF6}"
EndProject
Global
	GlobalSection(SolutionConfigurationPlatforms) = preSolution
		Debug|Any CPU = Debug|Any CPU
		Release|Any CPU = Release|Any CPU
	EndGlobalSection
	GlobalSection(ProjectConfigurationPlatforms) = postSolution
		{1F3415F5-C18D-48D9-8E38-C206DBDCBA18}.Debug|Any CPU.ActiveCfg = Debug|Any CPU
		{1F3415F5-C18D-48D9-8E38-C206DBDCBA18}.Debug|Any CPU.Build.0 = Debug|Any CPU
		{1F3415F5-C18D-48D9-8E38-C206DBDCBA18}.Release|Any CPU.ActiveCfg = Release|Any CPU
		{1F3415F5-C18D-48D9-8E38-C206DBDCBA18}.Release|Any CPU.Build.0 = Release|Any CPU
		{E9F73D6B-2AA8-4982-9E5F-52DC6BEAAF1D}.Debug|Any CPU.ActiveCfg = Debug|Any CPU
		{E9F73D6B-2AA8-4982-9E5F-52DC6BEAAF1D}.Debug|Any CPU.Build.0 = Debug|Any CPU
		{E9F73D6B-2AA8-4982-9E5F-52DC6BEAAF1D}.Release|Any CPU.ActiveCfg = Release|Any CPU
		{E9F73D6B-2AA8-4982-9E5F-52DC6BEAAF1D}.Release|Any CPU.Build.0 = Release|Any CPU
		{D18D91B6-7BD7-460A-87A6-AA8C526C8CFD}.Debug|Any CPU.ActiveCfg = Debug|Any CPU
		{D18D91B6-7BD7-460A-87A6-AA8C526C8CFD}.Debug|Any CPU.Build.0 = Debug|Any CPU
		{D18D91B6-7BD7-460A-87A6-AA8C526C8CFD}.Release|Any CPU.ActiveCfg = Release|Any CPU
		{D18D91B6-7BD7-460A-87A6-AA8C526C8CFD}.Release|Any CPU.Build.0 = Release|Any CPU
		{B1CF5DE6-9BE7-470C-A33E-0653B9B0AE17}.Debug|Any CPU.ActiveCfg = Debug|Any CPU
		{B1CF5DE6-9BE7-470C-A33E-0653B9B0AE17}.Debug|Any CPU.Build.0 = Debug|Any CPU
		{B1CF5DE6-9BE7-470C-A33E-0653B9B0AE17}.Release|Any CPU.ActiveCfg = Release|Any CPU
		{B1CF5DE6-9BE7-470C-A33E-0653B9B0AE17}.Release|Any CPU.Build.0 = Release|Any CPU
		{9F97C0B1-827C-43D6-ACE5-6EABCDAE4AF6}.Debug|Any CPU.ActiveCfg = Debug|Any CPU
		{9F97C0B1-827C-43D6-ACE5-6EABCDAE4AF6}.Debug|Any CPU.Build.0 = Debug|Any CPU
		{9F97C0B1-827C-43D6-ACE5-6EABCDAE4AF6}.Release|Any CPU.ActiveCfg = Release|Any CPU
		{9F97C0B1-827C-43D6-ACE5-6EABCDAE4AF6}.Release|Any CPU.Build.0 = Release|Any CPU
	EndGlobalSection
	GlobalSection(SolutionProperties) = preSolution
		HideSolutionNode = FALSE
	EndGlobalSection
	GlobalSection(NestedProjects) = preSolution
		{1F3415F5-C18D-48D9-8E38-C206DBDCBA18} = {5AC8A98A-6B0E-4228-8EAA-882B51F77909}
		{E9F73D6B-2AA8-4982-9E5F-52DC6BEAAF1D} = {329E6708-090C-450C-AD9B-B5E96687391A}
		{D18D91B6-7BD7-460A-87A6-AA8C526C8CFD} = {126E6E42-1AF1-4826-B94C-BB0BB7FFAF0E}
		{B1CF5DE6-9BE7-470C-A33E-0653B9B0AE17} = {EA7CE6EE-F67A-4C03-A5E1-41B04DF74F85}
		{9F97C0B1-827C-43D6-ACE5-6EABCDAE4AF6} = {11D51AD1-2C86-48C2-BC0A-6848C4B3F9BD}
	EndGlobalSection
	GlobalSection(ExtensibilityGlobals) = postSolution
		SolutionGuid = {B7EA0D5B-E679-4CF1-A9EF-582FD288D585}
	EndGlobalSection
EndGlobal
