
Microsoft Visual Studio Solution File, Format Version 12.00
# Visual Studio Version 17
VisualStudioVersion = 17.0.31912.275
MinimumVisualStudioVersion = 10.0.40219.1
Project("{2150E333-8FDC-42A3-9474-1A3956D46DE8}") = "Calculator", "Calculator", "{329E6708-090C-450C-AD9B-B5E96687391A}"
EndProject
Project("{FAE04EC0-301F-11D3-BF4B-00C04F79EFBC}") = "Calculator", "Calculator\Calculator.csproj", "{38478EB9-57EB-4E0B-8C9B-D6BC6C93988B}"
EndProject
Global
	GlobalSection(SolutionConfigurationPlatforms) = preSolution
		Debug|Any CPU = Debug|Any CPU
		Release|Any CPU = Release|Any CPU
	EndGlobalSection
	GlobalSection(ProjectConfigurationPlatforms) = postSolution
		{38478EB9-57EB-4E0B-8C9B-D6BC6C93988B}.Debug|Any CPU.ActiveCfg = Debug|Any CPU
		{38478EB9-57EB-4E0B-8C9B-D6BC6C93988B}.Debug|Any CPU.Build.0 = Debug|Any CPU
		{38478EB9-57EB-4E0B-8C9B-D6BC6C93988B}.Release|Any CPU.ActiveCfg = Release|Any CPU
		{38478EB9-57EB-4E0B-8C9B-D6BC6C93988B}.Release|Any CPU.Build.0 = Release|Any CPU
	EndGlobalSection
	GlobalSection(SolutionProperties) = preSolution
		HideSolutionNode = FALSE
	EndGlobalSection
	GlobalSection(NestedProjects) = preSolution
		{38478EB9-57EB-4E0B-8C9B-D6BC6C93988B} = {329E6708-090C-450C-AD9B-B5E96687391A}
	EndGlobalSection
	GlobalSection(ExtensibilityGlobals) = postSolution
		SolutionGuid = {B7EA0D5B-E679-4CF1-A9EF-582FD288D585}
	EndGlobalSection
EndGlobal
